<?xml version="1.0" encoding="utf-8"?>
<Project ToolsVersion="4.0" xmlns="http://schemas.microsoft.com/developer/msbuild/2003">
  <ItemGroup>
    <Filter Include="Source Files">
      <UniqueIdentifier>{4FC737F1-C7A5-4376-A066-2A32D752A2FF}</UniqueIdentifier>
      <Extensions>cpp;c;cc;cxx;c++;cppm;ixx;def;odl;idl;hpj;bat;asm;asmx</Extensions>
    </Filter>
    <Filter Include="Header Files">
      <UniqueIdentifier>{93995380-89BD-4b04-88EB-625FBE52EBFB}</UniqueIdentifier>
      <Extensions>h;hh;hpp;hxx;h++;hm;inl;inc;ipp;xsd</Extensions>
    </Filter>
    <Filter Include="Resource Files">
      <UniqueIdentifier>{67DA6AB6-F800-4c08-8B7A-83BB121AAD01}</UniqueIdentifier>
      <Extensions>rc;ico;cur;bmp;dlg;rc2;rct;bin;rgs;gif;jpg;jpeg;jpe;resx;tiff;tif;png;wav;mfcribbon-ms</Extensions>
    </Filter>
  </ItemGroup>
  <ItemGroup>
    <ClCompile Include="main.cpp">
      <Filter>Source Files</Filter>
    </ClCompile>
    <ClCompile Include="Precompiled Headers\stdafx.cpp">
      <Filter>Source Files</Filter>
    </ClCompile>
    <ClCompile Include="Application.cpp">
      <Filter>Source Files</Filter>
    </ClCompile>
    <ClCompile Include="States\Machine\State Machine.cpp">
      <Filter>Source Files</Filter>
    </ClCompile>
    <ClCompile Include="States\State\Menu\Menu.cpp">
      <Filter>Source Files</Filter>
    </ClCompile>
    <ClCompile Include="Effects\Transition\Transition.cpp">
      <Filter>Source Files</Filter>
    </ClCompile>
    <ClCompile Include="UI\Button.cpp">
      <Filter>Source Files</Filter>
    </ClCompile>
    <ClCompile Include="States\State\Settings\Settings.cpp">
      <Filter>Source Files</Filter>
    </ClCompile>
    <ClCompile Include="States\State\Game\Game.cpp">
      <Filter>Source Files</Filter>
    </ClCompile>
    <ClCompile Include="Public Variables\Extern.cpp">
      <Filter>Source Files</Filter>
    </ClCompile>
    <ClCompile Include="States\Save.cpp">
      <Filter>Source Files</Filter>
    </ClCompile>
    <ClCompile Include="Effects\Music controller\Music Controller.cpp">
      <Filter>Source Files</Filter>
    </ClCompile>
    <ClCompile Include="UI\Seeker Bar.cpp">
      <Filter>Source Files</Filter>
    </ClCompile>
    <ClCompile Include="Entities\Entity.cpp">
      <Filter>Source Files</Filter>
    </ClCompile>
    <ClCompile Include="Entities\Player.cpp">
      <Filter>Source Files</Filter>
    </ClCompile>
    <ClCompile Include="Entities\Fireball.cpp">
      <Filter>Source Files</Filter>
    </ClCompile>
    <ClCompile Include="Objects\Wall.cpp">
      <Filter>Source Files</Filter>
    </ClCompile>
    <ClCompile Include="Effects\Light\Light.cpp">
      <Filter>Source Files</Filter>
    </ClCompile>
    <ClCompile Include="Effects\Particle Emitter\Particle Emitter.cpp">
      <Filter>Source Files</Filter>
    </ClCompile>
    <ClCompile Include="UI\Color Picker.cpp">
      <Filter>Source Files</Filter>
    </ClCompile>
    <ClCompile Include="UI\Color Wheel.cpp">
      <Filter>Source Files</Filter>
    </ClCompile>
    <ClCompile Include="States\State\Pause\Pause.cpp">
      <Filter>Source Files</Filter>
    </ClCompile>
    <ClCompile Include="Effects\Camera\Camera.cpp">
      <Filter>Source Files</Filter>
    </ClCompile>
    <ClCompile Include="UI\Health Bar.cpp">
      <Filter>Source Files</Filter>
    </ClCompile>
    <ClCompile Include="UI\Countdown.cpp">
      <Filter>Source Files</Filter>
    </ClCompile>
    <ClCompile Include="Entities\Heart.cpp">
      <Filter>Source Files</Filter>
    </ClCompile>
    <ClCompile Include="Entities\Ghost.cpp">
      <Filter>Source Files</Filter>
    </ClCompile>
  </ItemGroup>
  <ItemGroup>
    <None Include="openal32.dll" />
    <None Include="res\shaders\transitionVertex.shader" />
    <None Include="res\shaders\transitionFragment.shader" />
    <None Include="States\State\Game\Game.hpp" />
    <None Include="res\shaders\blurFragment.shader" />
    <None Include="res\shaders\blurVertex.shader" />
    <None Include="res\music\menu.ogg" />
    <None Include="res\shaders\fogFragment.shader" />
    <None Include="res\shaders\fogVertex.shader" />
    <None Include="res\shaders\lightFragment.shader" />
    <None Include="res\shaders\lightVertex.shader" />
    <None Include="res\save" />
  </ItemGroup>
  <ItemGroup>
    <ClInclude Include="Precompiled Headers\stdafx.h">
      <Filter>Header Files</Filter>
    </ClInclude>
    <ClInclude Include="Application.hpp">
      <Filter>Header Files</Filter>
    </ClInclude>
    <ClInclude Include="States\Machine\State Machine.hpp">
      <Filter>Header Files</Filter>
    </ClInclude>
    <ClInclude Include="States\State\Menu\Menu.hpp">
      <Filter>Header Files</Filter>
    </ClInclude>
    <ClInclude Include="Effects\Transition\Transition.hpp">
      <Filter>Header Files</Filter>
    </ClInclude>
    <ClInclude Include="UI\Button.hpp">
      <Filter>Header Files</Filter>
    </ClInclude>
    <ClInclude Include="States\State\Settings\Settings.hpp">
      <Filter>Header Files</Filter>
    </ClInclude>
    <ClInclude Include="Public Variables\Extern.hpp">
      <Filter>Header Files</Filter>
    </ClInclude>
    <ClInclude Include="States\Save.hpp">
      <Filter>Header Files</Filter>
    </ClInclude>
    <ClInclude Include="Effects\Music controller\Music Controller.hpp">
      <Filter>Header Files</Filter>
    </ClInclude>
    <ClInclude Include="UI\Seeker Bar.hpp">
      <Filter>Header Files</Filter>
    </ClInclude>
    <ClInclude Include="UI\UI.hpp">
      <Filter>Header Files</Filter>
    </ClInclude>
    <ClInclude Include="Entities\Player.hpp">
      <Filter>Header Files</Filter>
    </ClInclude>
    <ClInclude Include="Entities\Entity.hpp">
      <Filter>Header Files</Filter>
    </ClInclude>
    <ClInclude Include="Entities\Fireball.hpp">
      <Filter>Header Files</Filter>
    </ClInclude>
    <ClInclude Include="Objects\Wall.hpp">
      <Filter>Header Files</Filter>
    </ClInclude>
    <ClInclude Include="Effects\Light\Light.hpp">
      <Filter>Header Files</Filter>
    </ClInclude>
    <ClInclude Include="Effects\Particle Emitter\Particle Emitter.hpp">
      <Filter>Header Files</Filter>
    </ClInclude>
    <ClInclude Include="UI\Color Picker.hpp">
      <Filter>Header Files</Filter>
    </ClInclude>
    <ClInclude Include="UI\Color Wheel.hpp">
      <Filter>Header Files</Filter>
    </ClInclude>
    <ClInclude Include="States\State\Pause\Pause.hpp">
      <Filter>Header Files</Filter>
    </ClInclude>
    <ClInclude Include="Effects\Camera\Camera.hpp">
      <Filter>Header Files</Filter>
    </ClInclude>
    <ClInclude Include="UI\Health Bar.hpp">
      <Filter>Header Files</Filter>
    </ClInclude>
    <ClInclude Include="UI\Countdown.hpp">
      <Filter>Header Files</Filter>
    </ClInclude>
    <ClInclude Include="Entities\Heart.hpp">
      <Filter>Header Files</Filter>
    </ClInclude>
    <ClInclude Include="Entities\Ghost.hpp">
      <Filter>Header Files</Filter>
    </ClInclude>
    <ClInclude Include="resource.h">
      <Filter>Header Files</Filter>
    </ClInclude>
  </ItemGroup>
  <ItemGroup>
    <Font Include="res\fonts\upheavtt.ttf" />
    <Font Include="res\fonts\alagard.ttf" />
  </ItemGroup>
  <ItemGroup>
    <Media Include="res\sounds\button.wav">
      <Filter>Resource Files</Filter>
    </Media>
  </ItemGroup>
  <ItemGroup>
    <Image Include="res\textures\map.png">
      <Filter>Resource Files</Filter>
    </Image>
    <Image Include="res\textures\player.png">
      <Filter>Resource Files</Filter>
    </Image>
    <Image Include="res\textures\menu.png">
      <Filter>Resource Files</Filter>
    </Image>
    <Image Include="res\textures\ghost.png">
      <Filter>Resource Files</Filter>
    </Image>
    <Image Include="res\textures\icon.png">
      <Filter>Resource Files</Filter>
    </Image>
    <Image Include="res\textures\icon.ico">
      <Filter>Resource Files</Filter>
    </Image>
  </ItemGroup>
  <ItemGroup>
    <ResourceCompile Include="The Platformer.rc">
      <Filter>Resource Files</Filter>
    </ResourceCompile>
  </ItemGroup>
</Project>